
Microsoft Visual Studio Solution File, Format Version 12.00
# Visual Studio Version 16
VisualStudioVersion = 16.0.32002.261
MinimumVisualStudioVersion = 10.0.40219.1
Project("{FAE04EC0-301F-11D3-BF4B-00C04F79EFBC}") = "azftp2blob", "azftp2blob\azftp2blob.csproj", "{4890529F-5A8F-46BF-B1B3-6BAD6602A106}"
EndProject
Project("{FAE04EC0-301F-11D3-BF4B-00C04F79EFBC}") = "AzureFtpServer", "AzureFtpServer\AzureFtpServer.csproj", "{A6520CEB-6E55-4C9D-B581-64E432DB16D0}"
EndProject
Global
	GlobalSection(SolutionConfigurationPlatforms) = preSolution
		Debug|Any CPU = Debug|Any CPU
		Release|Any CPU = Release|Any CPU
	EndGlobalSection
	GlobalSection(ProjectConfigurationPlatforms) = postSolution
		{4890529F-5A8F-46BF-B1B3-6BAD6602A106}.Debug|Any CPU.ActiveCfg = Debug|Any CPU
		{4890529F-5A8F-46BF-B1B3-6BAD6602A106}.Debug|Any CPU.Build.0 = Debug|Any CPU
		{4890529F-5A8F-46BF-B1B3-6BAD6602A106}.Release|Any CPU.ActiveCfg = Release|Any CPU
		{4890529F-5A8F-46BF-B1B3-6BAD6602A106}.Release|Any CPU.Build.0 = Release|Any CPU
		{A6520CEB-6E55-4C9D-B581-64E432DB16D0}.Debug|Any CPU.ActiveCfg = Debug|Any CPU
		{A6520CEB-6E55-4C9D-B581-64E432DB16D0}.Debug|Any CPU.Build.0 = Debug|Any CPU
		{A6520CEB-6E55-4C9D-B581-64E432DB16D0}.Release|Any CPU.ActiveCfg = Release|Any CPU
		{A6520CEB-6E55-4C9D-B581-64E432DB16D0}.Release|Any CPU.Build.0 = Release|Any CPU
	EndGlobalSection
	GlobalSection(SolutionProperties) = preSolution
		HideSolutionNode = FALSE
	EndGlobalSection
	GlobalSection(ExtensibilityGlobals) = postSolution
		SolutionGuid = {893C7325-E11B-4098-BB8D-53ADAAEDF03C}
	EndGlobalSection
EndGlobal
